// !$*UTF8*$!
{
	archiveVersion = 1;
	classes = {
	};
	objectVersion = 50;
	objects = {

/* Begin PBXBuildFile section */
		955D186A24E6CC70007888EF /* main.m in Sources */ = {isa = PBXBuildFile; fileRef = 955D186924E6CC70007888EF /* main.m */; };
		955D187724E6CC9D007888EF /* main.m in Sources */ = {isa = PBXBuildFile; fileRef = 955D187624E6CC9D007888EF /* main.m */; };
		955D187D24E6CE23007888EF /* DPOperation.m in Sources */ = {isa = PBXBuildFile; fileRef = 955D187C24E6CE23007888EF /* DPOperation.m */; };
		955D188024E6CE35007888EF /* DPOperationFactory.m in Sources */ = {isa = PBXBuildFile; fileRef = 955D187F24E6CE35007888EF /* DPOperationFactory.m */; };
		95AD82BF24EC2AB8005D0615 /* DPDecorationTemplate.m in Sources */ = {isa = PBXBuildFile; fileRef = 95AD82BE24EC2AB8005D0615 /* DPDecorationTemplate.m */; };
		95AD82C724EC2D22005D0615 /* main.m in Sources */ = {isa = PBXBuildFile; fileRef = 95AD82C624EC2D22005D0615 /* main.m */; };
		95AD82CD24EC2EFC005D0615 /* DPLoginFacade.m in Sources */ = {isa = PBXBuildFile; fileRef = 95AD82CC24EC2EFC005D0615 /* DPLoginFacade.m */; };
		95AD82D024EC2F59005D0615 /* DPLogger.m in Sources */ = {isa = PBXBuildFile; fileRef = 95AD82CF24EC2F59005D0615 /* DPLogger.m */; };
		95AD82D324EC2FCA005D0615 /* DPUserDefaults.m in Sources */ = {isa = PBXBuildFile; fileRef = 95AD82D224EC2FCA005D0615 /* DPUserDefaults.m */; };
		95AD82D624EC340A005D0615 /* DPLoginManager.m in Sources */ = {isa = PBXBuildFile; fileRef = 95AD82D524EC340A005D0615 /* DPLoginManager.m */; };
		95AD82DE24EC3962005D0615 /* main.m in Sources */ = {isa = PBXBuildFile; fileRef = 95AD82DD24EC3962005D0615 /* main.m */; };
		95AD82E424EC3BA2005D0615 /* DPComputerBuildDirector.m in Sources */ = {isa = PBXBuildFile; fileRef = 95AD82E324EC3BA2005D0615 /* DPComputerBuildDirector.m */; };
		95AD82E824EC3BC0005D0615 /* DPComputer.m in Sources */ = {isa = PBXBuildFile; fileRef = 95AD82E724EC3BC0005D0615 /* DPComputer.m */; };
		95AD82EB24EC3C33005D0615 /* DPAppleComputerBuilder.m in Sources */ = {isa = PBXBuildFile; fileRef = 95AD82EA24EC3C33005D0615 /* DPAppleComputerBuilder.m */; };
		95AD82EE24EC3E31005D0615 /* DPLenovoComputerBuilder.m in Sources */ = {isa = PBXBuildFile; fileRef = 95AD82ED24EC3E31005D0615 /* DPLenovoComputerBuilder.m */; };
		95AD82F624EC3F79005D0615 /* main.m in Sources */ = {isa = PBXBuildFile; fileRef = 95AD82F524EC3F79005D0615 /* main.m */; };
		95AD82FC24ED746C005D0615 /* DPLoginManager.m in Sources */ = {isa = PBXBuildFile; fileRef = 95AD82FB24ED746C005D0615 /* DPLoginManager.m */; };
		95AD830424ED756F005D0615 /* DPObserverManager.m in Sources */ = {isa = PBXBuildFile; fileRef = 95AD830324ED756F005D0615 /* DPObserverManager.m */; };
		95AD830724ED7C21005D0615 /* DPLoginReferenceUI.m in Sources */ = {isa = PBXBuildFile; fileRef = 95AD830624ED7C21005D0615 /* DPLoginReferenceUI.m */; };
		95E7247924E6DBF30018EADD /* main.m in Sources */ = {isa = PBXBuildFile; fileRef = 95E7247824E6DBF30018EADD /* main.m */; };
		95E7248324E6F0220018EADD /* NSString+DPDecoratedString.m in Sources */ = {isa = PBXBuildFile; fileRef = 95E7248224E6F0220018EADD /* NSString+DPDecoratedString.m */; };
		95E7248624E6F0800018EADD /* DPStringDecorator.m in Sources */ = {isa = PBXBuildFile; fileRef = 95E7248524E6F0800018EADD /* DPStringDecorator.m */; };
		95E7248924E6F2210018EADD /* NSString+MD5.m in Sources */ = {isa = PBXBuildFile; fileRef = 95E7248824E6F2210018EADD /* NSString+MD5.m */; };
		95E7249124E6F40F0018EADD /* main.m in Sources */ = {isa = PBXBuildFile; fileRef = 95E7249024E6F40F0018EADD /* main.m */; };
		95E7249D24E6FB3C0018EADD /* DPWeakProxy.m in Sources */ = {isa = PBXBuildFile; fileRef = 95E7249C24E6FB3C0018EADD /* DPWeakProxy.m */; };
		95E724D124E8293D0018EADD /* main.m in Sources */ = {isa = PBXBuildFile; fileRef = 95E724D024E8293D0018EADD /* main.m */; };
		95E724D724E82D6F0018EADD /* DPPlayerStrategy.m in Sources */ = {isa = PBXBuildFile; fileRef = 95E724D624E82D6F0018EADD /* DPPlayerStrategy.m */; };
		95E724DA24E82DC60018EADD /* DPPlayerController.m in Sources */ = {isa = PBXBuildFile; fileRef = 95E724D924E82DC60018EADD /* DPPlayerController.m */; };
		95E724E224E97B650018EADD /* main.m in Sources */ = {isa = PBXBuildFile; fileRef = 95E724E124E97B650018EADD /* main.m */; };
		95E724E824E97B910018EADD /* DPOperation.m in Sources */ = {isa = PBXBuildFile; fileRef = 95E724E624E97B910018EADD /* DPOperation.m */; };
		95E724EE24EAC0380018EADD /* DPOperationFactory.m in Sources */ = {isa = PBXBuildFile; fileRef = 95E724ED24EAC0380018EADD /* DPOperationFactory.m */; };
		95E724F624EACA1E0018EADD /* main.m in Sources */ = {isa = PBXBuildFile; fileRef = 95E724F524EACA1E0018EADD /* main.m */; };
		95E7250124EAE2260018EADD /* main.m in Sources */ = {isa = PBXBuildFile; fileRef = 95E7250024EAE2260018EADD /* main.m */; };
/* End PBXBuildFile section */

/* Begin PBXCopyFilesBuildPhase section */
		955D186424E6CC70007888EF /* CopyFiles */ = {
			isa = PBXCopyFilesBuildPhase;
			buildActionMask = 2147483647;
			dstPath = /usr/share/man/man1/;
			dstSubfolderSpec = 0;
			files = (
			);
			runOnlyForDeploymentPostprocessing = 1;
		};
		955D187224E6CC9D007888EF /* CopyFiles */ = {
			isa = PBXCopyFilesBuildPhase;
			buildActionMask = 2147483647;
			dstPath = /usr/share/man/man1/;
			dstSubfolderSpec = 0;
			files = (
			);
			runOnlyForDeploymentPostprocessing = 1;
		};
		95AD82C224EC2D22005D0615 /* CopyFiles */ = {
			isa = PBXCopyFilesBuildPhase;
			buildActionMask = 2147483647;
			dstPath = /usr/share/man/man1/;
			dstSubfolderSpec = 0;
			files = (
			);
			runOnlyForDeploymentPostprocessing = 1;
		};
		95AD82D924EC3962005D0615 /* CopyFiles */ = {
			isa = PBXCopyFilesBuildPhase;
			buildActionMask = 2147483647;
			dstPath = /usr/share/man/man1/;
			dstSubfolderSpec = 0;
			files = (
			);
			runOnlyForDeploymentPostprocessing = 1;
		};
		95AD82F124EC3F79005D0615 /* CopyFiles */ = {
			isa = PBXCopyFilesBuildPhase;
			buildActionMask = 2147483647;
			dstPath = /usr/share/man/man1/;
			dstSubfolderSpec = 0;
			files = (
			);
			runOnlyForDeploymentPostprocessing = 1;
		};
		95E7247424E6DBF30018EADD /* CopyFiles */ = {
			isa = PBXCopyFilesBuildPhase;
			buildActionMask = 2147483647;
			dstPath = /usr/share/man/man1/;
			dstSubfolderSpec = 0;
			files = (
			);
			runOnlyForDeploymentPostprocessing = 1;
		};
		95E7248C24E6F40F0018EADD /* CopyFiles */ = {
			isa = PBXCopyFilesBuildPhase;
			buildActionMask = 2147483647;
			dstPath = /usr/share/man/man1/;
			dstSubfolderSpec = 0;
			files = (
			);
			runOnlyForDeploymentPostprocessing = 1;
		};
		95E724CC24E8293D0018EADD /* CopyFiles */ = {
			isa = PBXCopyFilesBuildPhase;
			buildActionMask = 2147483647;
			dstPath = /usr/share/man/man1/;
			dstSubfolderSpec = 0;
			files = (
			);
			runOnlyForDeploymentPostprocessing = 1;
		};
		95E724DD24E97B650018EADD /* CopyFiles */ = {
			isa = PBXCopyFilesBuildPhase;
			buildActionMask = 2147483647;
			dstPath = /usr/share/man/man1/;
			dstSubfolderSpec = 0;
			files = (
			);
			runOnlyForDeploymentPostprocessing = 1;
		};
		95E724F124EACA1E0018EADD /* CopyFiles */ = {
			isa = PBXCopyFilesBuildPhase;
			buildActionMask = 2147483647;
			dstPath = /usr/share/man/man1/;
			dstSubfolderSpec = 0;
			files = (
			);
			runOnlyForDeploymentPostprocessing = 1;
		};
		95E724FC24EAE2260018EADD /* CopyFiles */ = {
			isa = PBXCopyFilesBuildPhase;
			buildActionMask = 2147483647;
			dstPath = /usr/share/man/man1/;
			dstSubfolderSpec = 0;
			files = (
			);
			runOnlyForDeploymentPostprocessing = 1;
		};
/* End PBXCopyFilesBuildPhase section */

/* Begin PBXFileReference section */
		955D186624E6CC70007888EF /* DesignPatterns */ = {isa = PBXFileReference; explicitFileType = "compiled.mach-o.executable"; includeInIndex = 0; path = DesignPatterns; sourceTree = BUILT_PRODUCTS_DIR; };
		955D186924E6CC70007888EF /* main.m */ = {isa = PBXFileReference; lastKnownFileType = sourcecode.c.objc; path = main.m; sourceTree = "<group>"; };
		955D187424E6CC9D007888EF /* simple-factory */ = {isa = PBXFileReference; explicitFileType = "compiled.mach-o.executable"; includeInIndex = 0; path = "simple-factory"; sourceTree = BUILT_PRODUCTS_DIR; };
		955D187624E6CC9D007888EF /* main.m */ = {isa = PBXFileReference; lastKnownFileType = sourcecode.c.objc; path = main.m; sourceTree = "<group>"; };
		955D187B24E6CE23007888EF /* DPOperation.h */ = {isa = PBXFileReference; lastKnownFileType = sourcecode.c.h; path = DPOperation.h; sourceTree = "<group>"; };
		955D187C24E6CE23007888EF /* DPOperation.m */ = {isa = PBXFileReference; lastKnownFileType = sourcecode.c.objc; path = DPOperation.m; sourceTree = "<group>"; };
		955D187E24E6CE35007888EF /* DPOperationFactory.h */ = {isa = PBXFileReference; lastKnownFileType = sourcecode.c.h; path = DPOperationFactory.h; sourceTree = "<group>"; };
		955D187F24E6CE35007888EF /* DPOperationFactory.m */ = {isa = PBXFileReference; lastKnownFileType = sourcecode.c.objc; path = DPOperationFactory.m; sourceTree = "<group>"; };
		95AD82BD24EC2AB8005D0615 /* DPDecorationTemplate.h */ = {isa = PBXFileReference; lastKnownFileType = sourcecode.c.h; path = DPDecorationTemplate.h; sourceTree = "<group>"; };
		95AD82BE24EC2AB8005D0615 /* DPDecorationTemplate.m */ = {isa = PBXFileReference; lastKnownFileType = sourcecode.c.objc; path = DPDecorationTemplate.m; sourceTree = "<group>"; };
		95AD82C424EC2D22005D0615 /* facade */ = {isa = PBXFileReference; explicitFileType = "compiled.mach-o.executable"; includeInIndex = 0; path = facade; sourceTree = BUILT_PRODUCTS_DIR; };
		95AD82C624EC2D22005D0615 /* main.m */ = {isa = PBXFileReference; lastKnownFileType = sourcecode.c.objc; path = main.m; sourceTree = "<group>"; };
		95AD82CB24EC2EFC005D0615 /* DPLoginFacade.h */ = {isa = PBXFileReference; lastKnownFileType = sourcecode.c.h; path = DPLoginFacade.h; sourceTree = "<group>"; };
		95AD82CC24EC2EFC005D0615 /* DPLoginFacade.m */ = {isa = PBXFileReference; lastKnownFileType = sourcecode.c.objc; path = DPLoginFacade.m; sourceTree = "<group>"; };
		95AD82CE24EC2F59005D0615 /* DPLogger.h */ = {isa = PBXFileReference; lastKnownFileType = sourcecode.c.h; path = DPLogger.h; sourceTree = "<group>"; };
		95AD82CF24EC2F59005D0615 /* DPLogger.m */ = {isa = PBXFileReference; lastKnownFileType = sourcecode.c.objc; path = DPLogger.m; sourceTree = "<group>"; };
		95AD82D124EC2FCA005D0615 /* DPUserDefaults.h */ = {isa = PBXFileReference; lastKnownFileType = sourcecode.c.h; path = DPUserDefaults.h; sourceTree = "<group>"; };
		95AD82D224EC2FCA005D0615 /* DPUserDefaults.m */ = {isa = PBXFileReference; lastKnownFileType = sourcecode.c.objc; path = DPUserDefaults.m; sourceTree = "<group>"; };
		95AD82D424EC340A005D0615 /* DPLoginManager.h */ = {isa = PBXFileReference; lastKnownFileType = sourcecode.c.h; path = DPLoginManager.h; sourceTree = "<group>"; };
		95AD82D524EC340A005D0615 /* DPLoginManager.m */ = {isa = PBXFileReference; lastKnownFileType = sourcecode.c.objc; path = DPLoginManager.m; sourceTree = "<group>"; };
		95AD82DB24EC3962005D0615 /* builder */ = {isa = PBXFileReference; explicitFileType = "compiled.mach-o.executable"; includeInIndex = 0; path = builder; sourceTree = BUILT_PRODUCTS_DIR; };
		95AD82DD24EC3962005D0615 /* main.m */ = {isa = PBXFileReference; lastKnownFileType = sourcecode.c.objc; path = main.m; sourceTree = "<group>"; };
		95AD82E224EC3BA2005D0615 /* DPComputerBuildDirector.h */ = {isa = PBXFileReference; lastKnownFileType = sourcecode.c.h; path = DPComputerBuildDirector.h; sourceTree = "<group>"; };
		95AD82E324EC3BA2005D0615 /* DPComputerBuildDirector.m */ = {isa = PBXFileReference; lastKnownFileType = sourcecode.c.objc; path = DPComputerBuildDirector.m; sourceTree = "<group>"; };
		95AD82E524EC3BB3005D0615 /* DPComputerBuilder.h */ = {isa = PBXFileReference; lastKnownFileType = sourcecode.c.h; path = DPComputerBuilder.h; sourceTree = "<group>"; };
		95AD82E624EC3BC0005D0615 /* DPComputer.h */ = {isa = PBXFileReference; lastKnownFileType = sourcecode.c.h; path = DPComputer.h; sourceTree = "<group>"; };
		95AD82E724EC3BC0005D0615 /* DPComputer.m */ = {isa = PBXFileReference; lastKnownFileType = sourcecode.c.objc; path = DPComputer.m; sourceTree = "<group>"; };
		95AD82E924EC3C33005D0615 /* DPAppleComputerBuilder.h */ = {isa = PBXFileReference; lastKnownFileType = sourcecode.c.h; path = DPAppleComputerBuilder.h; sourceTree = "<group>"; };
		95AD82EA24EC3C33005D0615 /* DPAppleComputerBuilder.m */ = {isa = PBXFileReference; lastKnownFileType = sourcecode.c.objc; path = DPAppleComputerBuilder.m; sourceTree = "<group>"; };
		95AD82EC24EC3E31005D0615 /* DPLenovoComputerBuilder.h */ = {isa = PBXFileReference; lastKnownFileType = sourcecode.c.h; path = DPLenovoComputerBuilder.h; sourceTree = "<group>"; };
		95AD82ED24EC3E31005D0615 /* DPLenovoComputerBuilder.m */ = {isa = PBXFileReference; lastKnownFileType = sourcecode.c.objc; path = DPLenovoComputerBuilder.m; sourceTree = "<group>"; };
		95AD82F324EC3F79005D0615 /* observer */ = {isa = PBXFileReference; explicitFileType = "compiled.mach-o.executable"; includeInIndex = 0; path = observer; sourceTree = BUILT_PRODUCTS_DIR; };
		95AD82F524EC3F79005D0615 /* main.m */ = {isa = PBXFileReference; lastKnownFileType = sourcecode.c.objc; path = main.m; sourceTree = "<group>"; };
		95AD82FA24ED746C005D0615 /* DPLoginManager.h */ = {isa = PBXFileReference; lastKnownFileType = sourcecode.c.h; path = DPLoginManager.h; sourceTree = "<group>"; };
		95AD82FB24ED746C005D0615 /* DPLoginManager.m */ = {isa = PBXFileReference; lastKnownFileType = sourcecode.c.objc; path = DPLoginManager.m; sourceTree = "<group>"; };
		95AD82FD24ED74B5005D0615 /* DPObservableSubject.h */ = {isa = PBXFileReference; lastKnownFileType = sourcecode.c.h; path = DPObservableSubject.h; sourceTree = "<group>"; };
		95AD830124ED7501005D0615 /* DPObserver.h */ = {isa = PBXFileReference; lastKnownFileType = sourcecode.c.h; path = DPObserver.h; sourceTree = "<group>"; };
		95AD830224ED756F005D0615 /* DPObserverManager.h */ = {isa = PBXFileReference; lastKnownFileType = sourcecode.c.h; path = DPObserverManager.h; sourceTree = "<group>"; };
		95AD830324ED756F005D0615 /* DPObserverManager.m */ = {isa = PBXFileReference; lastKnownFileType = sourcecode.c.objc; path = DPObserverManager.m; sourceTree = "<group>"; };
		95AD830524ED7C21005D0615 /* DPLoginReferenceUI.h */ = {isa = PBXFileReference; lastKnownFileType = sourcecode.c.h; path = DPLoginReferenceUI.h; sourceTree = "<group>"; };
		95AD830624ED7C21005D0615 /* DPLoginReferenceUI.m */ = {isa = PBXFileReference; lastKnownFileType = sourcecode.c.objc; path = DPLoginReferenceUI.m; sourceTree = "<group>"; };
		95E7247624E6DBF30018EADD /* decorator */ = {isa = PBXFileReference; explicitFileType = "compiled.mach-o.executable"; includeInIndex = 0; path = decorator; sourceTree = BUILT_PRODUCTS_DIR; };
		95E7247824E6DBF30018EADD /* main.m */ = {isa = PBXFileReference; lastKnownFileType = sourcecode.c.objc; path = main.m; sourceTree = "<group>"; };
		95E7248024E6F0000018EADD /* DPDecoratedString.h */ = {isa = PBXFileReference; lastKnownFileType = sourcecode.c.h; path = DPDecoratedString.h; sourceTree = "<group>"; };
		95E7248124E6F0220018EADD /* NSString+DPDecoratedString.h */ = {isa = PBXFileReference; lastKnownFileType = sourcecode.c.h; path = "NSString+DPDecoratedString.h"; sourceTree = "<group>"; };
		95E7248224E6F0220018EADD /* NSString+DPDecoratedString.m */ = {isa = PBXFileReference; lastKnownFileType = sourcecode.c.objc; path = "NSString+DPDecoratedString.m"; sourceTree = "<group>"; };
		95E7248424E6F0800018EADD /* DPStringDecorator.h */ = {isa = PBXFileReference; lastKnownFileType = sourcecode.c.h; path = DPStringDecorator.h; sourceTree = "<group>"; };
		95E7248524E6F0800018EADD /* DPStringDecorator.m */ = {isa = PBXFileReference; lastKnownFileType = sourcecode.c.objc; path = DPStringDecorator.m; sourceTree = "<group>"; };
		95E7248724E6F2210018EADD /* NSString+MD5.h */ = {isa = PBXFileReference; lastKnownFileType = sourcecode.c.h; path = "NSString+MD5.h"; sourceTree = "<group>"; };
		95E7248824E6F2210018EADD /* NSString+MD5.m */ = {isa = PBXFileReference; lastKnownFileType = sourcecode.c.objc; path = "NSString+MD5.m"; sourceTree = "<group>"; };
		95E7248E24E6F40F0018EADD /* proxy */ = {isa = PBXFileReference; explicitFileType = "compiled.mach-o.executable"; includeInIndex = 0; path = proxy; sourceTree = BUILT_PRODUCTS_DIR; };
		95E7249024E6F40F0018EADD /* main.m */ = {isa = PBXFileReference; lastKnownFileType = sourcecode.c.objc; path = main.m; sourceTree = "<group>"; };
		95E7249B24E6FB3C0018EADD /* DPWeakProxy.h */ = {isa = PBXFileReference; lastKnownFileType = sourcecode.c.h; path = DPWeakProxy.h; sourceTree = "<group>"; };
		95E7249C24E6FB3C0018EADD /* DPWeakProxy.m */ = {isa = PBXFileReference; lastKnownFileType = sourcecode.c.objc; path = DPWeakProxy.m; sourceTree = "<group>"; };
		95E724CE24E8293D0018EADD /* strategy */ = {isa = PBXFileReference; explicitFileType = "compiled.mach-o.executable"; includeInIndex = 0; path = strategy; sourceTree = BUILT_PRODUCTS_DIR; };
		95E724D024E8293D0018EADD /* main.m */ = {isa = PBXFileReference; lastKnownFileType = sourcecode.c.objc; path = main.m; sourceTree = "<group>"; };
		95E724D524E82D6F0018EADD /* DPPlayerStrategy.h */ = {isa = PBXFileReference; lastKnownFileType = sourcecode.c.h; path = DPPlayerStrategy.h; sourceTree = "<group>"; };
		95E724D624E82D6F0018EADD /* DPPlayerStrategy.m */ = {isa = PBXFileReference; lastKnownFileType = sourcecode.c.objc; path = DPPlayerStrategy.m; sourceTree = "<group>"; };
		95E724D824E82DC60018EADD /* DPPlayerController.h */ = {isa = PBXFileReference; lastKnownFileType = sourcecode.c.h; path = DPPlayerController.h; sourceTree = "<group>"; };
		95E724D924E82DC60018EADD /* DPPlayerController.m */ = {isa = PBXFileReference; lastKnownFileType = sourcecode.c.objc; path = DPPlayerController.m; sourceTree = "<group>"; };
		95E724DF24E97B650018EADD /* factory-method */ = {isa = PBXFileReference; explicitFileType = "compiled.mach-o.executable"; includeInIndex = 0; path = "factory-method"; sourceTree = BUILT_PRODUCTS_DIR; };
		95E724E124E97B650018EADD /* main.m */ = {isa = PBXFileReference; lastKnownFileType = sourcecode.c.objc; path = main.m; sourceTree = "<group>"; };
		95E724E624E97B910018EADD /* DPOperation.m */ = {isa = PBXFileReference; fileEncoding = 4; lastKnownFileType = sourcecode.c.objc; path = DPOperation.m; sourceTree = "<group>"; };
		95E724E724E97B910018EADD /* DPOperation.h */ = {isa = PBXFileReference; fileEncoding = 4; lastKnownFileType = sourcecode.c.h; path = DPOperation.h; sourceTree = "<group>"; };
		95E724EC24EAC0380018EADD /* DPOperationFactory.h */ = {isa = PBXFileReference; lastKnownFileType = sourcecode.c.h; path = DPOperationFactory.h; sourceTree = "<group>"; };
		95E724ED24EAC0380018EADD /* DPOperationFactory.m */ = {isa = PBXFileReference; lastKnownFileType = sourcecode.c.objc; path = DPOperationFactory.m; sourceTree = "<group>"; };
		95E724F324EACA1E0018EADD /* prototype */ = {isa = PBXFileReference; explicitFileType = "compiled.mach-o.executable"; includeInIndex = 0; path = prototype; sourceTree = BUILT_PRODUCTS_DIR; };
		95E724F524EACA1E0018EADD /* main.m */ = {isa = PBXFileReference; lastKnownFileType = sourcecode.c.objc; path = main.m; sourceTree = "<group>"; };
		95E724FE24EAE2260018EADD /* template-method */ = {isa = PBXFileReference; explicitFileType = "compiled.mach-o.executable"; includeInIndex = 0; path = "template-method"; sourceTree = BUILT_PRODUCTS_DIR; };
		95E7250024EAE2260018EADD /* main.m */ = {isa = PBXFileReference; lastKnownFileType = sourcecode.c.objc; path = main.m; sourceTree = "<group>"; };
/* End PBXFileReference section */

/* Begin PBXFrameworksBuildPhase section */
		955D186324E6CC70007888EF /* Frameworks */ = {
			isa = PBXFrameworksBuildPhase;
			buildActionMask = 2147483647;
			files = (
			);
			runOnlyForDeploymentPostprocessing = 0;
		};
		955D187124E6CC9D007888EF /* Frameworks */ = {
			isa = PBXFrameworksBuildPhase;
			buildActionMask = 2147483647;
			files = (
			);
			runOnlyForDeploymentPostprocessing = 0;
		};
		95AD82C124EC2D22005D0615 /* Frameworks */ = {
			isa = PBXFrameworksBuildPhase;
			buildActionMask = 2147483647;
			files = (
			);
			runOnlyForDeploymentPostprocessing = 0;
		};
		95AD82D824EC3962005D0615 /* Frameworks */ = {
			isa = PBXFrameworksBuildPhase;
			buildActionMask = 2147483647;
			files = (
			);
			runOnlyForDeploymentPostprocessing = 0;
		};
		95AD82F024EC3F79005D0615 /* Frameworks */ = {
			isa = PBXFrameworksBuildPhase;
			buildActionMask = 2147483647;
			files = (
			);
			runOnlyForDeploymentPostprocessing = 0;
		};
		95E7247324E6DBF30018EADD /* Frameworks */ = {
			isa = PBXFrameworksBuildPhase;
			buildActionMask = 2147483647;
			files = (
			);
			runOnlyForDeploymentPostprocessing = 0;
		};
		95E7248B24E6F40F0018EADD /* Frameworks */ = {
			isa = PBXFrameworksBuildPhase;
			buildActionMask = 2147483647;
			files = (
			);
			runOnlyForDeploymentPostprocessing = 0;
		};
		95E724CB24E8293D0018EADD /* Frameworks */ = {
			isa = PBXFrameworksBuildPhase;
			buildActionMask = 2147483647;
			files = (
			);
			runOnlyForDeploymentPostprocessing = 0;
		};
		95E724DC24E97B650018EADD /* Frameworks */ = {
			isa = PBXFrameworksBuildPhase;
			buildActionMask = 2147483647;
			files = (
			);
			runOnlyForDeploymentPostprocessing = 0;
		};
		95E724F024EACA1E0018EADD /* Frameworks */ = {
			isa = PBXFrameworksBuildPhase;
			buildActionMask = 2147483647;
			files = (
			);
			runOnlyForDeploymentPostprocessing = 0;
		};
		95E724FB24EAE2260018EADD /* Frameworks */ = {
			isa = PBXFrameworksBuildPhase;
			buildActionMask = 2147483647;
			files = (
			);
			runOnlyForDeploymentPostprocessing = 0;
		};
/* End PBXFrameworksBuildPhase section */

/* Begin PBXGroup section */
		955D185D24E6CC70007888EF = {
			isa = PBXGroup;
			children = (
				955D186824E6CC70007888EF /* DesignPatterns */,
				955D187524E6CC9D007888EF /* simple-factory */,
				95E7247724E6DBF30018EADD /* decorator */,
				95E7248F24E6F40F0018EADD /* proxy */,
				95E724CF24E8293D0018EADD /* strategy */,
				95E724E024E97B650018EADD /* factory-method */,
				95E724F424EACA1E0018EADD /* prototype */,
				95E724FF24EAE2260018EADD /* template-method */,
				95AD82C524EC2D22005D0615 /* facade */,
				95AD82DC24EC3962005D0615 /* builder */,
				95AD82F424EC3F79005D0615 /* observer */,
				955D186724E6CC70007888EF /* Products */,
			);
			sourceTree = "<group>";
		};
		955D186724E6CC70007888EF /* Products */ = {
			isa = PBXGroup;
			children = (
				955D186624E6CC70007888EF /* DesignPatterns */,
				955D187424E6CC9D007888EF /* simple-factory */,
				95E7247624E6DBF30018EADD /* decorator */,
				95E7248E24E6F40F0018EADD /* proxy */,
				95E724CE24E8293D0018EADD /* strategy */,
				95E724DF24E97B650018EADD /* factory-method */,
				95E724F324EACA1E0018EADD /* prototype */,
				95E724FE24EAE2260018EADD /* template-method */,
				95AD82C424EC2D22005D0615 /* facade */,
				95AD82DB24EC3962005D0615 /* builder */,
				95AD82F324EC3F79005D0615 /* observer */,
			);
			name = Products;
			sourceTree = "<group>";
		};
		955D186824E6CC70007888EF /* DesignPatterns */ = {
			isa = PBXGroup;
			children = (
				955D186924E6CC70007888EF /* main.m */,
			);
			path = DesignPatterns;
			sourceTree = "<group>";
		};
		955D187524E6CC9D007888EF /* simple-factory */ = {
			isa = PBXGroup;
			children = (
				955D187624E6CC9D007888EF /* main.m */,
				955D187B24E6CE23007888EF /* DPOperation.h */,
				955D187C24E6CE23007888EF /* DPOperation.m */,
				955D187E24E6CE35007888EF /* DPOperationFactory.h */,
				955D187F24E6CE35007888EF /* DPOperationFactory.m */,
			);
			path = "simple-factory";
			sourceTree = "<group>";
		};
		95AD82C524EC2D22005D0615 /* facade */ = {
			isa = PBXGroup;
			children = (
				95AD82C624EC2D22005D0615 /* main.m */,
				95AD82D124EC2FCA005D0615 /* DPUserDefaults.h */,
				95AD82D224EC2FCA005D0615 /* DPUserDefaults.m */,
				95AD82CE24EC2F59005D0615 /* DPLogger.h */,
				95AD82CF24EC2F59005D0615 /* DPLogger.m */,
				95AD82CB24EC2EFC005D0615 /* DPLoginFacade.h */,
				95AD82CC24EC2EFC005D0615 /* DPLoginFacade.m */,
				95AD82D424EC340A005D0615 /* DPLoginManager.h */,
				95AD82D524EC340A005D0615 /* DPLoginManager.m */,
			);
			path = facade;
			sourceTree = "<group>";
		};
		95AD82DC24EC3962005D0615 /* builder */ = {
			isa = PBXGroup;
			children = (
				95AD82DD24EC3962005D0615 /* main.m */,
				95AD82E624EC3BC0005D0615 /* DPComputer.h */,
				95AD82E724EC3BC0005D0615 /* DPComputer.m */,
				95AD82E224EC3BA2005D0615 /* DPComputerBuildDirector.h */,
				95AD82E324EC3BA2005D0615 /* DPComputerBuildDirector.m */,
				95AD82E524EC3BB3005D0615 /* DPComputerBuilder.h */,
				95AD82E924EC3C33005D0615 /* DPAppleComputerBuilder.h */,
				95AD82EA24EC3C33005D0615 /* DPAppleComputerBuilder.m */,
				95AD82EC24EC3E31005D0615 /* DPLenovoComputerBuilder.h */,
				95AD82ED24EC3E31005D0615 /* DPLenovoComputerBuilder.m */,
			);
			path = builder;
			sourceTree = "<group>";
		};
		95AD82F424EC3F79005D0615 /* observer */ = {
			isa = PBXGroup;
			children = (
				95AD82F524EC3F79005D0615 /* main.m */,
				95AD82FA24ED746C005D0615 /* DPLoginManager.h */,
				95AD82FB24ED746C005D0615 /* DPLoginManager.m */,
				95AD82FD24ED74B5005D0615 /* DPObservableSubject.h */,
				95AD830124ED7501005D0615 /* DPObserver.h */,
				95AD830224ED756F005D0615 /* DPObserverManager.h */,
				95AD830324ED756F005D0615 /* DPObserverManager.m */,
				95AD830524ED7C21005D0615 /* DPLoginReferenceUI.h */,
				95AD830624ED7C21005D0615 /* DPLoginReferenceUI.m */,
			);
			path = observer;
			sourceTree = "<group>";
		};
		95E7247724E6DBF30018EADD /* decorator */ = {
			isa = PBXGroup;
			children = (
				95E7247824E6DBF30018EADD /* main.m */,
				95E7248024E6F0000018EADD /* DPDecoratedString.h */,
				95E7248424E6F0800018EADD /* DPStringDecorator.h */,
				95E7248524E6F0800018EADD /* DPStringDecorator.m */,
				95E7248124E6F0220018EADD /* NSString+DPDecoratedString.h */,
				95E7248224E6F0220018EADD /* NSString+DPDecoratedString.m */,
				95E7248724E6F2210018EADD /* NSString+MD5.h */,
				95E7248824E6F2210018EADD /* NSString+MD5.m */,
			);
			path = decorator;
			sourceTree = "<group>";
		};
		95E7248F24E6F40F0018EADD /* proxy */ = {
			isa = PBXGroup;
			children = (
				95E7249024E6F40F0018EADD /* main.m */,
				95E7249B24E6FB3C0018EADD /* DPWeakProxy.h */,
				95E7249C24E6FB3C0018EADD /* DPWeakProxy.m */,
			);
			path = proxy;
			sourceTree = "<group>";
		};
		95E724CF24E8293D0018EADD /* strategy */ = {
			isa = PBXGroup;
			children = (
				95E724D024E8293D0018EADD /* main.m */,
				95E724D524E82D6F0018EADD /* DPPlayerStrategy.h */,
				95E724D624E82D6F0018EADD /* DPPlayerStrategy.m */,
				95E724D824E82DC60018EADD /* DPPlayerController.h */,
				95E724D924E82DC60018EADD /* DPPlayerController.m */,
			);
			path = strategy;
			sourceTree = "<group>";
		};
		95E724E024E97B650018EADD /* factory-method */ = {
			isa = PBXGroup;
			children = (
				95E724E724E97B910018EADD /* DPOperation.h */,
				95E724E624E97B910018EADD /* DPOperation.m */,
				95E724EC24EAC0380018EADD /* DPOperationFactory.h */,
				95E724ED24EAC0380018EADD /* DPOperationFactory.m */,
				95E724E124E97B650018EADD /* main.m */,
			);
			path = "factory-method";
			sourceTree = "<group>";
		};
		95E724F424EACA1E0018EADD /* prototype */ = {
			isa = PBXGroup;
			children = (
				95E724F524EACA1E0018EADD /* main.m */,
			);
			path = prototype;
			sourceTree = "<group>";
		};
		95E724FF24EAE2260018EADD /* template-method */ = {
			isa = PBXGroup;
			children = (
				95E7250024EAE2260018EADD /* main.m */,
				95AD82BD24EC2AB8005D0615 /* DPDecorationTemplate.h */,
				95AD82BE24EC2AB8005D0615 /* DPDecorationTemplate.m */,
			);
			path = "template-method";
			sourceTree = "<group>";
		};
/* End PBXGroup section */

/* Begin PBXNativeTarget section */
		955D186524E6CC70007888EF /* DesignPatterns */ = {
			isa = PBXNativeTarget;
			buildConfigurationList = 955D186D24E6CC70007888EF /* Build configuration list for PBXNativeTarget "DesignPatterns" */;
			buildPhases = (
				955D186224E6CC70007888EF /* Sources */,
				955D186324E6CC70007888EF /* Frameworks */,
				955D186424E6CC70007888EF /* CopyFiles */,
			);
			buildRules = (
			);
			dependencies = (
			);
			name = DesignPatterns;
			productName = DesignPatterns;
			productReference = 955D186624E6CC70007888EF /* DesignPatterns */;
			productType = "com.apple.product-type.tool";
		};
		955D187324E6CC9D007888EF /* simple-factory */ = {
			isa = PBXNativeTarget;
			buildConfigurationList = 955D187824E6CC9D007888EF /* Build configuration list for PBXNativeTarget "simple-factory" */;
			buildPhases = (
				955D187024E6CC9D007888EF /* Sources */,
				955D187124E6CC9D007888EF /* Frameworks */,
				955D187224E6CC9D007888EF /* CopyFiles */,
			);
			buildRules = (
			);
			dependencies = (
			);
			name = "simple-factory";
			productName = "simple-factory";
			productReference = 955D187424E6CC9D007888EF /* simple-factory */;
			productType = "com.apple.product-type.tool";
		};
		95AD82C324EC2D22005D0615 /* facade */ = {
			isa = PBXNativeTarget;
			buildConfigurationList = 95AD82C824EC2D22005D0615 /* Build configuration list for PBXNativeTarget "facade" */;
			buildPhases = (
				95AD82C024EC2D22005D0615 /* Sources */,
				95AD82C124EC2D22005D0615 /* Frameworks */,
				95AD82C224EC2D22005D0615 /* CopyFiles */,
			);
			buildRules = (
			);
			dependencies = (
			);
			name = facade;
			productName = facade;
			productReference = 95AD82C424EC2D22005D0615 /* facade */;
			productType = "com.apple.product-type.tool";
		};
		95AD82DA24EC3962005D0615 /* builder */ = {
			isa = PBXNativeTarget;
			buildConfigurationList = 95AD82DF24EC3962005D0615 /* Build configuration list for PBXNativeTarget "builder" */;
			buildPhases = (
				95AD82D724EC3962005D0615 /* Sources */,
				95AD82D824EC3962005D0615 /* Frameworks */,
				95AD82D924EC3962005D0615 /* CopyFiles */,
			);
			buildRules = (
			);
			dependencies = (
			);
			name = builder;
			productName = builder;
			productReference = 95AD82DB24EC3962005D0615 /* builder */;
			productType = "com.apple.product-type.tool";
		};
		95AD82F224EC3F79005D0615 /* observer */ = {
			isa = PBXNativeTarget;
			buildConfigurationList = 95AD82F724EC3F79005D0615 /* Build configuration list for PBXNativeTarget "observer" */;
			buildPhases = (
				95AD82EF24EC3F79005D0615 /* Sources */,
				95AD82F024EC3F79005D0615 /* Frameworks */,
				95AD82F124EC3F79005D0615 /* CopyFiles */,
			);
			buildRules = (
			);
			dependencies = (
			);
			name = observer;
			productName = observer;
			productReference = 95AD82F324EC3F79005D0615 /* observer */;
			productType = "com.apple.product-type.tool";
		};
		95E7247524E6DBF30018EADD /* decorator */ = {
			isa = PBXNativeTarget;
			buildConfigurationList = 95E7247C24E6DBF30018EADD /* Build configuration list for PBXNativeTarget "decorator" */;
			buildPhases = (
				95E7247224E6DBF30018EADD /* Sources */,
				95E7247324E6DBF30018EADD /* Frameworks */,
				95E7247424E6DBF30018EADD /* CopyFiles */,
			);
			buildRules = (
			);
			dependencies = (
			);
			name = decorator;
			productName = decorator;
			productReference = 95E7247624E6DBF30018EADD /* decorator */;
			productType = "com.apple.product-type.tool";
		};
		95E7248D24E6F40F0018EADD /* proxy */ = {
			isa = PBXNativeTarget;
			buildConfigurationList = 95E7249224E6F40F0018EADD /* Build configuration list for PBXNativeTarget "proxy" */;
			buildPhases = (
				95E7248A24E6F40F0018EADD /* Sources */,
				95E7248B24E6F40F0018EADD /* Frameworks */,
				95E7248C24E6F40F0018EADD /* CopyFiles */,
			);
			buildRules = (
			);
			dependencies = (
			);
			name = proxy;
			productName = proxy;
			productReference = 95E7248E24E6F40F0018EADD /* proxy */;
			productType = "com.apple.product-type.tool";
		};
		95E724CD24E8293D0018EADD /* strategy */ = {
			isa = PBXNativeTarget;
			buildConfigurationList = 95E724D424E8293D0018EADD /* Build configuration list for PBXNativeTarget "strategy" */;
			buildPhases = (
				95E724CA24E8293D0018EADD /* Sources */,
				95E724CB24E8293D0018EADD /* Frameworks */,
				95E724CC24E8293D0018EADD /* CopyFiles */,
			);
			buildRules = (
			);
			dependencies = (
			);
			name = strategy;
			productName = strategy;
			productReference = 95E724CE24E8293D0018EADD /* strategy */;
			productType = "com.apple.product-type.tool";
		};
		95E724DE24E97B650018EADD /* factory-method */ = {
			isa = PBXNativeTarget;
			buildConfigurationList = 95E724E324E97B650018EADD /* Build configuration list for PBXNativeTarget "factory-method" */;
			buildPhases = (
				95E724DB24E97B650018EADD /* Sources */,
				95E724DC24E97B650018EADD /* Frameworks */,
				95E724DD24E97B650018EADD /* CopyFiles */,
			);
			buildRules = (
			);
			dependencies = (
			);
			name = "factory-method";
			productName = "factory-method";
			productReference = 95E724DF24E97B650018EADD /* factory-method */;
			productType = "com.apple.product-type.tool";
		};
		95E724F224EACA1E0018EADD /* prototype */ = {
			isa = PBXNativeTarget;
			buildConfigurationList = 95E724F724EACA1E0018EADD /* Build configuration list for PBXNativeTarget "prototype" */;
			buildPhases = (
				95E724EF24EACA1E0018EADD /* Sources */,
				95E724F024EACA1E0018EADD /* Frameworks */,
				95E724F124EACA1E0018EADD /* CopyFiles */,
			);
			buildRules = (
			);
			dependencies = (
			);
			name = prototype;
			productName = prototype;
			productReference = 95E724F324EACA1E0018EADD /* prototype */;
			productType = "com.apple.product-type.tool";
		};
		95E724FD24EAE2260018EADD /* template-method */ = {
			isa = PBXNativeTarget;
			buildConfigurationList = 95E7250424EAE2260018EADD /* Build configuration list for PBXNativeTarget "template-method" */;
			buildPhases = (
				95E724FA24EAE2260018EADD /* Sources */,
				95E724FB24EAE2260018EADD /* Frameworks */,
				95E724FC24EAE2260018EADD /* CopyFiles */,
			);
			buildRules = (
			);
			dependencies = (
			);
			name = "template-method";
			productName = "template-method";
			productReference = 95E724FE24EAE2260018EADD /* template-method */;
			productType = "com.apple.product-type.tool";
		};
/* End PBXNativeTarget section */

/* Begin PBXProject section */
		955D185E24E6CC70007888EF /* Project object */ = {
			isa = PBXProject;
			attributes = {
				LastUpgradeCheck = 1160;
				ORGANIZATIONNAME = raincity;
				TargetAttributes = {
					955D186524E6CC70007888EF = {
						CreatedOnToolsVersion = 11.6;
					};
					955D187324E6CC9D007888EF = {
						CreatedOnToolsVersion = 11.6;
					};
					95AD82C324EC2D22005D0615 = {
						CreatedOnToolsVersion = 11.6;
					};
					95AD82DA24EC3962005D0615 = {
						CreatedOnToolsVersion = 11.6;
					};
					95AD82F224EC3F79005D0615 = {
						CreatedOnToolsVersion = 11.6;
					};
					95E7247524E6DBF30018EADD = {
						CreatedOnToolsVersion = 11.6;
					};
					95E7248D24E6F40F0018EADD = {
						CreatedOnToolsVersion = 11.6;
					};
					95E724CD24E8293D0018EADD = {
						CreatedOnToolsVersion = 11.6;
					};
					95E724DE24E97B650018EADD = {
						CreatedOnToolsVersion = 11.6;
					};
					95E724F224EACA1E0018EADD = {
						CreatedOnToolsVersion = 11.6;
					};
					95E724FD24EAE2260018EADD = {
						CreatedOnToolsVersion = 11.6;
					};
				};
			};
			buildConfigurationList = 955D186124E6CC70007888EF /* Build configuration list for PBXProject "DesignPatterns" */;
			compatibilityVersion = "Xcode 9.3";
			developmentRegion = en;
			hasScannedForEncodings = 0;
			knownRegions = (
				en,
				Base,
			);
			mainGroup = 955D185D24E6CC70007888EF;
			productRefGroup = 955D186724E6CC70007888EF /* Products */;
			projectDirPath = "";
			projectRoot = "";
			targets = (
				955D186524E6CC70007888EF /* DesignPatterns */,
				955D187324E6CC9D007888EF /* simple-factory */,
				95E7247524E6DBF30018EADD /* decorator */,
				95E7248D24E6F40F0018EADD /* proxy */,
				95E724CD24E8293D0018EADD /* strategy */,
				95E724DE24E97B650018EADD /* factory-method */,
				95E724F224EACA1E0018EADD /* prototype */,
				95E724FD24EAE2260018EADD /* template-method */,
				95AD82C324EC2D22005D0615 /* facade */,
				95AD82DA24EC3962005D0615 /* builder */,
				95AD82F224EC3F79005D0615 /* observer */,
			);
		};
/* End PBXProject section */

/* Begin PBXSourcesBuildPhase section */
		955D186224E6CC70007888EF /* Sources */ = {
			isa = PBXSourcesBuildPhase;
			buildActionMask = 2147483647;
			files = (
				955D186A24E6CC70007888EF /* main.m in Sources */,
			);
			runOnlyForDeploymentPostprocessing = 0;
		};
		955D187024E6CC9D007888EF /* Sources */ = {
			isa = PBXSourcesBuildPhase;
			buildActionMask = 2147483647;
			files = (
				955D187724E6CC9D007888EF /* main.m in Sources */,
				955D188024E6CE35007888EF /* DPOperationFactory.m in Sources */,
				955D187D24E6CE23007888EF /* DPOperation.m in Sources */,
			);
			runOnlyForDeploymentPostprocessing = 0;
		};
		95AD82C024EC2D22005D0615 /* Sources */ = {
			isa = PBXSourcesBuildPhase;
			buildActionMask = 2147483647;
			files = (
				95AD82CD24EC2EFC005D0615 /* DPLoginFacade.m in Sources */,
				95AD82D024EC2F59005D0615 /* DPLogger.m in Sources */,
				95AD82C724EC2D22005D0615 /* main.m in Sources */,
				95AD82D324EC2FCA005D0615 /* DPUserDefaults.m in Sources */,
				95AD82D624EC340A005D0615 /* DPLoginManager.m in Sources */,
			);
			runOnlyForDeploymentPostprocessing = 0;
		};
		95AD82D724EC3962005D0615 /* Sources */ = {
			isa = PBXSourcesBuildPhase;
			buildActionMask = 2147483647;
			files = (
				95AD82EE24EC3E31005D0615 /* DPLenovoComputerBuilder.m in Sources */,
				95AD82E824EC3BC0005D0615 /* DPComputer.m in Sources */,
				95AD82DE24EC3962005D0615 /* main.m in Sources */,
				95AD82E424EC3BA2005D0615 /* DPComputerBuildDirector.m in Sources */,
				95AD82EB24EC3C33005D0615 /* DPAppleComputerBuilder.m in Sources */,
			);
			runOnlyForDeploymentPostprocessing = 0;
		};
		95AD82EF24EC3F79005D0615 /* Sources */ = {
			isa = PBXSourcesBuildPhase;
			buildActionMask = 2147483647;
			files = (
				95AD82F624EC3F79005D0615 /* main.m in Sources */,
				95AD830724ED7C21005D0615 /* DPLoginReferenceUI.m in Sources */,
				95AD830424ED756F005D0615 /* DPObserverManager.m in Sources */,
				95AD82FC24ED746C005D0615 /* DPLoginManager.m in Sources */,
			);
			runOnlyForDeploymentPostprocessing = 0;
		};
		95E7247224E6DBF30018EADD /* Sources */ = {
			isa = PBXSourcesBuildPhase;
			buildActionMask = 2147483647;
			files = (
				95E7248624E6F0800018EADD /* DPStringDecorator.m in Sources */,
				95E7248324E6F0220018EADD /* NSString+DPDecoratedString.m in Sources */,
				95E7248924E6F2210018EADD /* NSString+MD5.m in Sources */,
				95E7247924E6DBF30018EADD /* main.m in Sources */,
			);
			runOnlyForDeploymentPostprocessing = 0;
		};
		95E7248A24E6F40F0018EADD /* Sources */ = {
			isa = PBXSourcesBuildPhase;
			buildActionMask = 2147483647;
			files = (
				95E7249D24E6FB3C0018EADD /* DPWeakProxy.m in Sources */,
				95E7249124E6F40F0018EADD /* main.m in Sources */,
			);
			runOnlyForDeploymentPostprocessing = 0;
		};
		95E724CA24E8293D0018EADD /* Sources */ = {
			isa = PBXSourcesBuildPhase;
			buildActionMask = 2147483647;
			files = (
				95E724DA24E82DC60018EADD /* DPPlayerController.m in Sources */,
				95E724D124E8293D0018EADD /* main.m in Sources */,
				95E724D724E82D6F0018EADD /* DPPlayerStrategy.m in Sources */,
			);
			runOnlyForDeploymentPostprocessing = 0;
		};
		95E724DB24E97B650018EADD /* Sources */ = {
			isa = PBXSourcesBuildPhase;
			buildActionMask = 2147483647;
			files = (
				95E724E224E97B650018EADD /* main.m in Sources */,
				95E724EE24EAC0380018EADD /* DPOperationFactory.m in Sources */,
				95E724E824E97B910018EADD /* DPOperation.m in Sources */,
			);
			runOnlyForDeploymentPostprocessing = 0;
		};
		95E724EF24EACA1E0018EADD /* Sources */ = {
			isa = PBXSourcesBuildPhase;
			buildActionMask = 2147483647;
			files = (
				95E724F624EACA1E0018EADD /* main.m in Sources */,
			);
			runOnlyForDeploymentPostprocessing = 0;
		};
		95E724FA24EAE2260018EADD /* Sources */ = {
			isa = PBXSourcesBuildPhase;
			buildActionMask = 2147483647;
			files = (
				95E7250124EAE2260018EADD /* main.m in Sources */,
				95AD82BF24EC2AB8005D0615 /* DPDecorationTemplate.m in Sources */,
			);
			runOnlyForDeploymentPostprocessing = 0;
		};
/* End PBXSourcesBuildPhase section */

/* Begin XCBuildConfiguration section */
		955D186B24E6CC70007888EF /* Debug */ = {
			isa = XCBuildConfiguration;
			buildSettings = {
				ALWAYS_SEARCH_USER_PATHS = NO;
				CLANG_ANALYZER_NONNULL = YES;
				CLANG_ANALYZER_NUMBER_OBJECT_CONVERSION = YES_AGGRESSIVE;
				CLANG_CXX_LANGUAGE_STANDARD = "gnu++14";
				CLANG_CXX_LIBRARY = "libc++";
				CLANG_ENABLE_MODULES = YES;
				CLANG_ENABLE_OBJC_ARC = YES;
				CLANG_ENABLE_OBJC_WEAK = YES;
				CLANG_WARN_BLOCK_CAPTURE_AUTORELEASING = YES;
				CLANG_WARN_BOOL_CONVERSION = YES;
				CLANG_WARN_COMMA = YES;
				CLANG_WARN_CONSTANT_CONVERSION = YES;
				CLANG_WARN_DEPRECATED_OBJC_IMPLEMENTATIONS = YES;
				CLANG_WARN_DIRECT_OBJC_ISA_USAGE = YES_ERROR;
				CLANG_WARN_DOCUMENTATION_COMMENTS = YES;
				CLANG_WARN_EMPTY_BODY = YES;
				CLANG_WARN_ENUM_CONVERSION = YES;
				CLANG_WARN_INFINITE_RECURSION = YES;
				CLANG_WARN_INT_CONVERSION = YES;
				CLANG_WARN_NON_LITERAL_NULL_CONVERSION = YES;
				CLANG_WARN_OBJC_IMPLICIT_RETAIN_SELF = YES;
				CLANG_WARN_OBJC_LITERAL_CONVERSION = YES;
				CLANG_WARN_OBJC_ROOT_CLASS = YES_ERROR;
				CLANG_WARN_RANGE_LOOP_ANALYSIS = YES;
				CLANG_WARN_STRICT_PROTOTYPES = YES;
				CLANG_WARN_SUSPICIOUS_MOVE = YES;
				CLANG_WARN_UNGUARDED_AVAILABILITY = YES_AGGRESSIVE;
				CLANG_WARN_UNREACHABLE_CODE = YES;
				CLANG_WARN__DUPLICATE_METHOD_MATCH = YES;
				COPY_PHASE_STRIP = NO;
				DEBUG_INFORMATION_FORMAT = dwarf;
				ENABLE_STRICT_OBJC_MSGSEND = YES;
				ENABLE_TESTABILITY = YES;
				GCC_C_LANGUAGE_STANDARD = gnu11;
				GCC_DYNAMIC_NO_PIC = NO;
				GCC_NO_COMMON_BLOCKS = YES;
				GCC_OPTIMIZATION_LEVEL = 0;
				GCC_PREPROCESSOR_DEFINITIONS = (
					"DEBUG=1",
					"$(inherited)",
				);
				GCC_WARN_64_TO_32_BIT_CONVERSION = YES;
				GCC_WARN_ABOUT_RETURN_TYPE = YES_ERROR;
				GCC_WARN_UNDECLARED_SELECTOR = YES;
				GCC_WARN_UNINITIALIZED_AUTOS = YES_AGGRESSIVE;
				GCC_WARN_UNUSED_FUNCTION = YES;
				GCC_WARN_UNUSED_VARIABLE = YES;
				MACOSX_DEPLOYMENT_TARGET = 10.15;
				MTL_ENABLE_DEBUG_INFO = INCLUDE_SOURCE;
				MTL_FAST_MATH = YES;
				ONLY_ACTIVE_ARCH = YES;
				SDKROOT = macosx;
			};
			name = Debug;
		};
		955D186C24E6CC70007888EF /* Release */ = {
			isa = XCBuildConfiguration;
			buildSettings = {
				ALWAYS_SEARCH_USER_PATHS = NO;
				CLANG_ANALYZER_NONNULL = YES;
				CLANG_ANALYZER_NUMBER_OBJECT_CONVERSION = YES_AGGRESSIVE;
				CLANG_CXX_LANGUAGE_STANDARD = "gnu++14";
				CLANG_CXX_LIBRARY = "libc++";
				CLANG_ENABLE_MODULES = YES;
				CLANG_ENABLE_OBJC_ARC = YES;
				CLANG_ENABLE_OBJC_WEAK = YES;
				CLANG_WARN_BLOCK_CAPTURE_AUTORELEASING = YES;
				CLANG_WARN_BOOL_CONVERSION = YES;
				CLANG_WARN_COMMA = YES;
				CLANG_WARN_CONSTANT_CONVERSION = YES;
				CLANG_WARN_DEPRECATED_OBJC_IMPLEMENTATIONS = YES;
				CLANG_WARN_DIRECT_OBJC_ISA_USAGE = YES_ERROR;
				CLANG_WARN_DOCUMENTATION_COMMENTS = YES;
				CLANG_WARN_EMPTY_BODY = YES;
				CLANG_WARN_ENUM_CONVERSION = YES;
				CLANG_WARN_INFINITE_RECURSION = YES;
				CLANG_WARN_INT_CONVERSION = YES;
				CLANG_WARN_NON_LITERAL_NULL_CONVERSION = YES;
				CLANG_WARN_OBJC_IMPLICIT_RETAIN_SELF = YES;
				CLANG_WARN_OBJC_LITERAL_CONVERSION = YES;
				CLANG_WARN_OBJC_ROOT_CLASS = YES_ERROR;
				CLANG_WARN_RANGE_LOOP_ANALYSIS = YES;
				CLANG_WARN_STRICT_PROTOTYPES = YES;
				CLANG_WARN_SUSPICIOUS_MOVE = YES;
				CLANG_WARN_UNGUARDED_AVAILABILITY = YES_AGGRESSIVE;
				CLANG_WARN_UNREACHABLE_CODE = YES;
				CLANG_WARN__DUPLICATE_METHOD_MATCH = YES;
				COPY_PHASE_STRIP = NO;
				DEBUG_INFORMATION_FORMAT = "dwarf-with-dsym";
				ENABLE_NS_ASSERTIONS = NO;
				ENABLE_STRICT_OBJC_MSGSEND = YES;
				GCC_C_LANGUAGE_STANDARD = gnu11;
				GCC_NO_COMMON_BLOCKS = YES;
				GCC_WARN_64_TO_32_BIT_CONVERSION = YES;
				GCC_WARN_ABOUT_RETURN_TYPE = YES_ERROR;
				GCC_WARN_UNDECLARED_SELECTOR = YES;
				GCC_WARN_UNINITIALIZED_AUTOS = YES_AGGRESSIVE;
				GCC_WARN_UNUSED_FUNCTION = YES;
				GCC_WARN_UNUSED_VARIABLE = YES;
				MACOSX_DEPLOYMENT_TARGET = 10.15;
				MTL_ENABLE_DEBUG_INFO = NO;
				MTL_FAST_MATH = YES;
				SDKROOT = macosx;
			};
			name = Release;
		};
		955D186E24E6CC70007888EF /* Debug */ = {
			isa = XCBuildConfiguration;
			buildSettings = {
				CODE_SIGN_STYLE = Automatic;
				PRODUCT_NAME = "$(TARGET_NAME)";
			};
			name = Debug;
		};
		955D186F24E6CC70007888EF /* Release */ = {
			isa = XCBuildConfiguration;
			buildSettings = {
				CODE_SIGN_STYLE = Automatic;
				PRODUCT_NAME = "$(TARGET_NAME)";
			};
			name = Release;
		};
		955D187924E6CC9D007888EF /* Debug */ = {
			isa = XCBuildConfiguration;
			buildSettings = {
				CODE_SIGN_STYLE = Automatic;
				PRODUCT_NAME = "$(TARGET_NAME)";
			};
			name = Debug;
		};
		955D187A24E6CC9D007888EF /* Release */ = {
			isa = XCBuildConfiguration;
			buildSettings = {
				CODE_SIGN_STYLE = Automatic;
				PRODUCT_NAME = "$(TARGET_NAME)";
			};
			name = Release;
		};
		95AD82C924EC2D22005D0615 /* Debug */ = {
			isa = XCBuildConfiguration;
			buildSettings = {
				CODE_SIGN_STYLE = Automatic;
				PRODUCT_NAME = "$(TARGET_NAME)";
			};
			name = Debug;
		};
		95AD82CA24EC2D22005D0615 /* Release */ = {
			isa = XCBuildConfiguration;
			buildSettings = {
				CODE_SIGN_STYLE = Automatic;
				PRODUCT_NAME = "$(TARGET_NAME)";
			};
			name = Release;
		};
		95AD82E024EC3962005D0615 /* Debug */ = {
			isa = XCBuildConfiguration;
			buildSettings = {
				CODE_SIGN_STYLE = Automatic;
				PRODUCT_NAME = "$(TARGET_NAME)";
			};
			name = Debug;
		};
		95AD82E124EC3962005D0615 /* Release */ = {
			isa = XCBuildConfiguration;
			buildSettings = {
				CODE_SIGN_STYLE = Automatic;
				PRODUCT_NAME = "$(TARGET_NAME)";
			};
			name = Release;
		};
		95AD82F824EC3F79005D0615 /* Debug */ = {
			isa = XCBuildConfiguration;
			buildSettings = {
				CODE_SIGN_STYLE = Automatic;
				PRODUCT_NAME = "$(TARGET_NAME)";
			};
			name = Debug;
		};
		95AD82F924EC3F79005D0615 /* Release */ = {
			isa = XCBuildConfiguration;
			buildSettings = {
				CODE_SIGN_STYLE = Automatic;
				PRODUCT_NAME = "$(TARGET_NAME)";
			};
			name = Release;
		};
		95E7247A24E6DBF30018EADD /* Debug */ = {
			isa = XCBuildConfiguration;
			buildSettings = {
				CODE_SIGN_STYLE = Automatic;
				PRODUCT_NAME = "$(TARGET_NAME)";
			};
			name = Debug;
		};
		95E7247B24E6DBF30018EADD /* Release */ = {
			isa = XCBuildConfiguration;
			buildSettings = {
				CODE_SIGN_STYLE = Automatic;
				PRODUCT_NAME = "$(TARGET_NAME)";
			};
			name = Release;
		};
		95E7249324E6F40F0018EADD /* Debug */ = {
			isa = XCBuildConfiguration;
			buildSettings = {
				CODE_SIGN_STYLE = Automatic;
				PRODUCT_NAME = "$(TARGET_NAME)";
			};
			name = Debug;
		};
		95E7249424E6F40F0018EADD /* Release */ = {
			isa = XCBuildConfiguration;
			buildSettings = {
				CODE_SIGN_STYLE = Automatic;
				PRODUCT_NAME = "$(TARGET_NAME)";
			};
			name = Release;
		};
		95E724D224E8293D0018EADD /* Debug */ = {
			isa = XCBuildConfiguration;
			buildSettings = {
				CODE_SIGN_STYLE = Automatic;
				PRODUCT_NAME = "$(TARGET_NAME)";
			};
			name = Debug;
		};
		95E724D324E8293D0018EADD /* Release */ = {
			isa = XCBuildConfiguration;
			buildSettings = {
				CODE_SIGN_STYLE = Automatic;
				PRODUCT_NAME = "$(TARGET_NAME)";
			};
			name = Release;
		};
		95E724E424E97B650018EADD /* Debug */ = {
			isa = XCBuildConfiguration;
			buildSettings = {
				CODE_SIGN_STYLE = Automatic;
				PRODUCT_NAME = "$(TARGET_NAME)";
			};
			name = Debug;
		};
		95E724E524E97B650018EADD /* Release */ = {
			isa = XCBuildConfiguration;
			buildSettings = {
				CODE_SIGN_STYLE = Automatic;
				PRODUCT_NAME = "$(TARGET_NAME)";
			};
			name = Release;
		};
		95E724F824EACA1E0018EADD /* Debug */ = {
			isa = XCBuildConfiguration;
			buildSettings = {
				CODE_SIGN_STYLE = Automatic;
				PRODUCT_NAME = "$(TARGET_NAME)";
			};
			name = Debug;
		};
		95E724F924EACA1E0018EADD /* Release */ = {
			isa = XCBuildConfiguration;
			buildSettings = {
				CODE_SIGN_STYLE = Automatic;
				PRODUCT_NAME = "$(TARGET_NAME)";
			};
			name = Release;
		};
		95E7250224EAE2260018EADD /* Debug */ = {
			isa = XCBuildConfiguration;
			buildSettings = {
				CODE_SIGN_STYLE = Automatic;
				PRODUCT_NAME = "$(TARGET_NAME)";
			};
			name = Debug;
		};
		95E7250324EAE2260018EADD /* Release */ = {
			isa = XCBuildConfiguration;
			buildSettings = {
				CODE_SIGN_STYLE = Automatic;
				PRODUCT_NAME = "$(TARGET_NAME)";
			};
			name = Release;
		};
/* End XCBuildConfiguration section */

/* Begin XCConfigurationList section */
		955D186124E6CC70007888EF /* Build configuration list for PBXProject "DesignPatterns" */ = {
			isa = XCConfigurationList;
			buildConfigurations = (
				955D186B24E6CC70007888EF /* Debug */,
				955D186C24E6CC70007888EF /* Release */,
			);
			defaultConfigurationIsVisible = 0;
			defaultConfigurationName = Release;
		};
		955D186D24E6CC70007888EF /* Build configuration list for PBXNativeTarget "DesignPatterns" */ = {
			isa = XCConfigurationList;
			buildConfigurations = (
				955D186E24E6CC70007888EF /* Debug */,
				955D186F24E6CC70007888EF /* Release */,
			);
			defaultConfigurationIsVisible = 0;
			defaultConfigurationName = Release;
		};
		955D187824E6CC9D007888EF /* Build configuration list for PBXNativeTarget "simple-factory" */ = {
			isa = XCConfigurationList;
			buildConfigurations = (
				955D187924E6CC9D007888EF /* Debug */,
				955D187A24E6CC9D007888EF /* Release */,
			);
			defaultConfigurationIsVisible = 0;
			defaultConfigurationName = Release;
		};
		95AD82C824EC2D22005D0615 /* Build configuration list for PBXNativeTarget "facade" */ = {
			isa = XCConfigurationList;
			buildConfigurations = (
				95AD82C924EC2D22005D0615 /* Debug */,
				95AD82CA24EC2D22005D0615 /* Release */,
			);
			defaultConfigurationIsVisible = 0;
			defaultConfigurationName = Release;
		};
		95AD82DF24EC3962005D0615 /* Build configuration list for PBXNativeTarget "builder" */ = {
			isa = XCConfigurationList;
			buildConfigurations = (
				95AD82E024EC3962005D0615 /* Debug */,
				95AD82E124EC3962005D0615 /* Release */,
			);
			defaultConfigurationIsVisible = 0;
			defaultConfigurationName = Release;
		};
		95AD82F724EC3F79005D0615 /* Build configuration list for PBXNativeTarget "observer" */ = {
			isa = XCConfigurationList;
			buildConfigurations = (
				95AD82F824EC3F79005D0615 /* Debug */,
				95AD82F924EC3F79005D0615 /* Release */,
			);
			defaultConfigurationIsVisible = 0;
			defaultConfigurationName = Release;
		};
		95E7247C24E6DBF30018EADD /* Build configuration list for PBXNativeTarget "decorator" */ = {
			isa = XCConfigurationList;
			buildConfigurations = (
				95E7247A24E6DBF30018EADD /* Debug */,
				95E7247B24E6DBF30018EADD /* Release */,
			);
			defaultConfigurationIsVisible = 0;
			defaultConfigurationName = Release;
		};
		95E7249224E6F40F0018EADD /* Build configuration list for PBXNativeTarget "proxy" */ = {
			isa = XCConfigurationList;
			buildConfigurations = (
				95E7249324E6F40F0018EADD /* Debug */,
				95E7249424E6F40F0018EADD /* Release */,
			);
			defaultConfigurationIsVisible = 0;
			defaultConfigurationName = Release;
		};
		95E724D424E8293D0018EADD /* Build configuration list for PBXNativeTarget "strategy" */ = {
			isa = XCConfigurationList;
			buildConfigurations = (
				95E724D224E8293D0018EADD /* Debug */,
				95E724D324E8293D0018EADD /* Release */,
			);
			defaultConfigurationIsVisible = 0;
			defaultConfigurationName = Release;
		};
		95E724E324E97B650018EADD /* Build configuration list for PBXNativeTarget "factory-method" */ = {
			isa = XCConfigurationList;
			buildConfigurations = (
				95E724E424E97B650018EADD /* Debug */,
				95E724E524E97B650018EADD /* Release */,
			);
			defaultConfigurationIsVisible = 0;
			defaultConfigurationName = Release;
		};
		95E724F724EACA1E0018EADD /* Build configuration list for PBXNativeTarget "prototype" */ = {
			isa = XCConfigurationList;
			buildConfigurations = (
				95E724F824EACA1E0018EADD /* Debug */,
				95E724F924EACA1E0018EADD /* Release */,
			);
			defaultConfigurationIsVisible = 0;
			defaultConfigurationName = Release;
		};
		95E7250424EAE2260018EADD /* Build configuration list for PBXNativeTarget "template-method" */ = {
			isa = XCConfigurationList;
			buildConfigurations = (
				95E7250224EAE2260018EADD /* Debug */,
				95E7250324EAE2260018EADD /* Release */,
			);
			defaultConfigurationIsVisible = 0;
			defaultConfigurationName = Release;
		};
/* End XCConfigurationList section */
	};
	rootObject = 955D185E24E6CC70007888EF /* Project object */;
}
